
Microsoft Visual Studio Solution File, Format Version 11.00
# Visual Studio 2010
Project("{FAE04EC0-301F-11D3-BF4B-00C04F79EFBC}") = "MastersOfPotsDeGeimWorld", "MastersOfPotsDeGeimWorld\MastersOfPotsDeGeimWorld.csproj", "{4243F66E-48A4-4738-8800-B1FC2FBDE715}"
EndProject
Global
	GlobalSection(SolutionConfigurationPlatforms) = preSolution
		Debug|x86 = Debug|x86
		Release|x86 = Release|x86
	EndGlobalSection
	GlobalSection(ProjectConfigurationPlatforms) = postSolution
		{4243F66E-48A4-4738-8800-B1FC2FBDE715}.Debug|x86.ActiveCfg = Debug|x86
		{4243F66E-48A4-4738-8800-B1FC2FBDE715}.Debug|x86.Build.0 = Debug|x86
		{4243F66E-48A4-4738-8800-B1FC2FBDE715}.Release|x86.ActiveCfg = Release|x86
		{4243F66E-48A4-4738-8800-B1FC2FBDE715}.Release|x86.Build.0 = Release|x86
	EndGlobalSection
	GlobalSection(SolutionProperties) = preSolution
		HideSolutionNode = FALSE
	EndGlobalSection
EndGlobal
